// !$*UTF8*$!
{
	archiveVersion = 1;
	classes = {
	};
	objectVersion = 77;
	objects = {

/* Begin PBXBuildFile section */
		A7C48BC52DB6913000A3CC73 /* Shiny in Frameworks */ = {isa = PBXBuildFile; productRef = A7C48BC42DB6913000A3CC73 /* Shiny */; };
		A7C48BC82DB70C1400A3CC73 /* Liquid in Frameworks */ = {isa = PBXBuildFile; productRef = A7C48BC72DB70C1400A3CC73 /* Liquid */; };
		A7C48BD22DB7158500A3CC73 /* ConfettiSwiftUI in Frameworks */ = {isa = PBXBuildFile; productRef = A7C48BD12DB7158500A3CC73 /* ConfettiSwiftUI */; };
		A7F387392DB610BC0037E89A /* SwiftUIIntrospect-Dynamic in Frameworks */ = {isa = PBXBuildFile; productRef = A7F387382DB610BC0037E89A /* SwiftUIIntrospect-Dynamic */; };
		A7F3873A2DB610BC0037E89A /* SwiftUIIntrospect-Dynamic in Embed Frameworks */ = {isa = PBXBuildFile; productRef = A7F387382DB610BC0037E89A /* SwiftUIIntrospect-Dynamic */; settings = {ATTRIBUTES = (CodeSignOnCopy, ); }; };
		A7F387412DB61E2C0037E89A /* SwiftGlass in Frameworks */ = {isa = PBXBuildFile; productRef = A7F387402DB61E2C0037E89A /* SwiftGlass */; };
		A7F387442DB61FA90037E89A /* ColorfulX in Frameworks */ = {isa = PBXBuildFile; productRef = A7F387432DB61FA90037E89A /* ColorfulX */; };
		A7F387472DB61FB80037E89A /* Glur in Frameworks */ = {isa = PBXBuildFile; productRef = A7F387462DB61FB80037E89A /* Glur */; };
/* End PBXBuildFile section */

/* Begin PBXCopyFilesBuildPhase section */
		A7F387352DB60FFC0037E89A /* Embed Frameworks */ = {
			isa = PBXCopyFilesBuildPhase;
			buildActionMask = 2147483647;
			dstPath = "";
			dstSubfolderSpec = 10;
			files = (
				A7F3873A2DB610BC0037E89A /* SwiftUIIntrospect-Dynamic in Embed Frameworks */,
			);
			name = "Embed Frameworks";
			runOnlyForDeploymentPostprocessing = 0;
		};
/* End PBXCopyFilesBuildPhase section */

/* Begin PBXFileReference section */
		A718B2FF2DB601700010A6DF /* SwiftUIVault.app */ = {isa = PBXFileReference; explicitFileType = wrapper.application; includeInIndex = 0; path = SwiftUIVault.app; sourceTree = BUILT_PRODUCTS_DIR; };
/* End PBXFileReference section */

/* Begin PBXFileSystemSynchronizedRootGroup section */
		A718B3012DB601700010A6DF /* SwiftUIVault */ = {
			isa = PBXFileSystemSynchronizedRootGroup;
			path = SwiftUIVault;
			sourceTree = "<group>";
		};
/* End PBXFileSystemSynchronizedRootGroup section */

/* Begin PBXFrameworksBuildPhase section */
		A718B2FC2DB601700010A6DF /* Frameworks */ = {
			isa = PBXFrameworksBuildPhase;
			buildActionMask = 2147483647;
			files = (
				A7F387392DB610BC0037E89A /* SwiftUIIntrospect-Dynamic in Frameworks */,
				A7F387442DB61FA90037E89A /* ColorfulX in Frameworks */,
				A7C48BC82DB70C1400A3CC73 /* Liquid in Frameworks */,
				A7F387472DB61FB80037E89A /* Glur in Frameworks */,
				A7C48BC52DB6913000A3CC73 /* Shiny in Frameworks */,
				A7F387412DB61E2C0037E89A /* SwiftGlass in Frameworks */,
				A7C48BD22DB7158500A3CC73 /* ConfettiSwiftUI in Frameworks */,
			);
			runOnlyForDeploymentPostprocessing = 0;
		};
/* End PBXFrameworksBuildPhase section */

/* Begin PBXGroup section */
		A718B2F62DB601700010A6DF = {
			isa = PBXGroup;
			children = (
				A718B3012DB601700010A6DF /* SwiftUIVault */,
				A7F387372DB610BC0037E89A /* Frameworks */,
				A718B3002DB601700010A6DF /* Products */,
			);
			sourceTree = "<group>";
		};
		A718B3002DB601700010A6DF /* Products */ = {
			isa = PBXGroup;
			children = (
				A718B2FF2DB601700010A6DF /* SwiftUIVault.app */,
			);
			name = Products;
			sourceTree = "<group>";
		};
		A7F387372DB610BC0037E89A /* Frameworks */ = {
			isa = PBXGroup;
			children = (
			);
			name = Frameworks;
			sourceTree = "<group>";
		};
/* End PBXGroup section */

/* Begin PBXNativeTarget section */
		A718B2FE2DB601700010A6DF /* SwiftUIVault */ = {
			isa = PBXNativeTarget;
			buildConfigurationList = A718B30B2DB601720010A6DF /* Build configuration list for PBXNativeTarget "SwiftUIVault" */;
			buildPhases = (
				A718B2FB2DB601700010A6DF /* Sources */,
				A718B2FC2DB601700010A6DF /* Frameworks */,
				A718B2FD2DB601700010A6DF /* Resources */,
				A7F387352DB60FFC0037E89A /* Embed Frameworks */,
			);
			buildRules = (
			);
			dependencies = (
			);
			fileSystemSynchronizedGroups = (
				A718B3012DB601700010A6DF /* SwiftUIVault */,
			);
			name = SwiftUIVault;
			packageProductDependencies = (
				A7F387382DB610BC0037E89A /* SwiftUIIntrospect-Dynamic */,
				A7F387402DB61E2C0037E89A /* SwiftGlass */,
				A7F387432DB61FA90037E89A /* ColorfulX */,
				A7F387462DB61FB80037E89A /* Glur */,
				A7C48BC42DB6913000A3CC73 /* Shiny */,
				A7C48BC72DB70C1400A3CC73 /* Liquid */,
				A7C48BD12DB7158500A3CC73 /* ConfettiSwiftUI */,
			);
			productName = SwiftUIVault;
			productReference = A718B2FF2DB601700010A6DF /* SwiftUIVault.app */;
			productType = "com.apple.product-type.application";
		};
/* End PBXNativeTarget section */

/* Begin PBXProject section */
		A718B2F72DB601700010A6DF /* Project object */ = {
			isa = PBXProject;
			attributes = {
				BuildIndependentTargetsInParallel = 1;
				LastSwiftUpdateCheck = 1630;
				LastUpgradeCheck = 1630;
				TargetAttributes = {
					A718B2FE2DB601700010A6DF = {
						CreatedOnToolsVersion = 16.3;
					};
				};
			};
			buildConfigurationList = A718B2FA2DB601700010A6DF /* Build configuration list for PBXProject "SwiftUIVault" */;
			developmentRegion = en;
			hasScannedForEncodings = 0;
			knownRegions = (
				en,
				Base,
			);
			mainGroup = A718B2F62DB601700010A6DF;
			minimizedProjectReferenceProxies = 1;
			packageReferences = (
				A7F387362DB610A20037E89A /* XCRemoteSwiftPackageReference "SwiftUI-Introspect" */,
				A7F3873F2DB61E2C0037E89A /* XCRemoteSwiftPackageReference "SwiftGlass" */,
				A7F387422DB61FA90037E89A /* XCRemoteSwiftPackageReference "ColorfulX" */,
				A7F387452DB61FB80037E89A /* XCRemoteSwiftPackageReference "Glur" */,
				A7C48BC32DB6913000A3CC73 /* XCRemoteSwiftPackageReference "shiny" */,
				A7C48BC62DB70C1400A3CC73 /* XCRemoteSwiftPackageReference "liquid" */,
				A7C48BD02DB7158500A3CC73 /* XCRemoteSwiftPackageReference "ConfettiSwiftUI" */,
			);
			preferredProjectObjectVersion = 77;
			productRefGroup = A718B3002DB601700010A6DF /* Products */;
			projectDirPath = "";
			projectRoot = "";
			targets = (
				A718B2FE2DB601700010A6DF /* SwiftUIVault */,
			);
		};
/* End PBXProject section */

/* Begin PBXResourcesBuildPhase section */
		A718B2FD2DB601700010A6DF /* Resources */ = {
			isa = PBXResourcesBuildPhase;
			buildActionMask = 2147483647;
			files = (
			);
			runOnlyForDeploymentPostprocessing = 0;
		};
/* End PBXResourcesBuildPhase section */

/* Begin PBXSourcesBuildPhase section */
		A718B2FB2DB601700010A6DF /* Sources */ = {
			isa = PBXSourcesBuildPhase;
			buildActionMask = 2147483647;
			files = (
			);
			runOnlyForDeploymentPostprocessing = 0;
		};
/* End PBXSourcesBuildPhase section */

/* Begin XCBuildConfiguration section */
		A718B3092DB601720010A6DF /* Debug */ = {
			isa = XCBuildConfiguration;
			buildSettings = {
				ALWAYS_SEARCH_USER_PATHS = NO;
				ASSETCATALOG_COMPILER_GENERATE_SWIFT_ASSET_SYMBOL_EXTENSIONS = YES;
				CLANG_ANALYZER_NONNULL = YES;
				CLANG_ANALYZER_NUMBER_OBJECT_CONVERSION = YES_AGGRESSIVE;
				CLANG_CXX_LANGUAGE_STANDARD = "gnu++20";
				CLANG_ENABLE_MODULES = YES;
				CLANG_ENABLE_OBJC_ARC = YES;
				CLANG_ENABLE_OBJC_WEAK = YES;
				CLANG_WARN_BLOCK_CAPTURE_AUTORELEASING = YES;
				CLANG_WARN_BOOL_CONVERSION = YES;
				CLANG_WARN_COMMA = YES;
				CLANG_WARN_CONSTANT_CONVERSION = YES;
				CLANG_WARN_DEPRECATED_OBJC_IMPLEMENTATIONS = YES;
				CLANG_WARN_DIRECT_OBJC_ISA_USAGE = YES_ERROR;
				CLANG_WARN_DOCUMENTATION_COMMENTS = YES;
				CLANG_WARN_EMPTY_BODY = YES;
				CLANG_WARN_ENUM_CONVERSION = YES;
				CLANG_WARN_INFINITE_RECURSION = YES;
				CLANG_WARN_INT_CONVERSION = YES;
				CLANG_WARN_NON_LITERAL_NULL_CONVERSION = YES;
				CLANG_WARN_OBJC_IMPLICIT_RETAIN_SELF = YES;
				CLANG_WARN_OBJC_LITERAL_CONVERSION = YES;
				CLANG_WARN_OBJC_ROOT_CLASS = YES_ERROR;
				CLANG_WARN_QUOTED_INCLUDE_IN_FRAMEWORK_HEADER = YES;
				CLANG_WARN_RANGE_LOOP_ANALYSIS = YES;
				CLANG_WARN_STRICT_PROTOTYPES = YES;
				CLANG_WARN_SUSPICIOUS_MOVE = YES;
				CLANG_WARN_UNGUARDED_AVAILABILITY = YES_AGGRESSIVE;
				CLANG_WARN_UNREACHABLE_CODE = YES;
				CLANG_WARN__DUPLICATE_METHOD_MATCH = YES;
				COPY_PHASE_STRIP = NO;
				DEBUG_INFORMATION_FORMAT = dwarf;
				DEVELOPMENT_TEAM = C2HN547N49;
				ENABLE_STRICT_OBJC_MSGSEND = YES;
				ENABLE_TESTABILITY = YES;
				ENABLE_USER_SCRIPT_SANDBOXING = YES;
				GCC_C_LANGUAGE_STANDARD = gnu17;
				GCC_DYNAMIC_NO_PIC = NO;
				GCC_NO_COMMON_BLOCKS = YES;
				GCC_OPTIMIZATION_LEVEL = 0;
				GCC_PREPROCESSOR_DEFINITIONS = (
					"DEBUG=1",
					"$(inherited)",
				);
				GCC_WARN_64_TO_32_BIT_CONVERSION = YES;
				GCC_WARN_ABOUT_RETURN_TYPE = YES_ERROR;
				GCC_WARN_UNDECLARED_SELECTOR = YES;
				GCC_WARN_UNINITIALIZED_AUTOS = YES_AGGRESSIVE;
				GCC_WARN_UNUSED_FUNCTION = YES;
				GCC_WARN_UNUSED_VARIABLE = YES;
				LOCALIZATION_PREFERS_STRING_CATALOGS = YES;
				MACOSX_DEPLOYMENT_TARGET = 15.4;
				MTL_ENABLE_DEBUG_INFO = INCLUDE_SOURCE;
				MTL_FAST_MATH = YES;
				ONLY_ACTIVE_ARCH = YES;
				SDKROOT = macosx;
				SWIFT_ACTIVE_COMPILATION_CONDITIONS = "DEBUG $(inherited)";
				SWIFT_OPTIMIZATION_LEVEL = "-Onone";
			};
			name = Debug;
		};
		A718B30A2DB601720010A6DF /* Release */ = {
			isa = XCBuildConfiguration;
			buildSettings = {
				ALWAYS_SEARCH_USER_PATHS = NO;
				ASSETCATALOG_COMPILER_GENERATE_SWIFT_ASSET_SYMBOL_EXTENSIONS = YES;
				CLANG_ANALYZER_NONNULL = YES;
				CLANG_ANALYZER_NUMBER_OBJECT_CONVERSION = YES_AGGRESSIVE;
				CLANG_CXX_LANGUAGE_STANDARD = "gnu++20";
				CLANG_ENABLE_MODULES = YES;
				CLANG_ENABLE_OBJC_ARC = YES;
				CLANG_ENABLE_OBJC_WEAK = YES;
				CLANG_WARN_BLOCK_CAPTURE_AUTORELEASING = YES;
				CLANG_WARN_BOOL_CONVERSION = YES;
				CLANG_WARN_COMMA = YES;
				CLANG_WARN_CONSTANT_CONVERSION = YES;
				CLANG_WARN_DEPRECATED_OBJC_IMPLEMENTATIONS = YES;
				CLANG_WARN_DIRECT_OBJC_ISA_USAGE = YES_ERROR;
				CLANG_WARN_DOCUMENTATION_COMMENTS = YES;
				CLANG_WARN_EMPTY_BODY = YES;
				CLANG_WARN_ENUM_CONVERSION = YES;
				CLANG_WARN_INFINITE_RECURSION = YES;
				CLANG_WARN_INT_CONVERSION = YES;
				CLANG_WARN_NON_LITERAL_NULL_CONVERSION = YES;
				CLANG_WARN_OBJC_IMPLICIT_RETAIN_SELF = YES;
				CLANG_WARN_OBJC_LITERAL_CONVERSION = YES;
				CLANG_WARN_OBJC_ROOT_CLASS = YES_ERROR;
				CLANG_WARN_QUOTED_INCLUDE_IN_FRAMEWORK_HEADER = YES;
				CLANG_WARN_RANGE_LOOP_ANALYSIS = YES;
				CLANG_WARN_STRICT_PROTOTYPES = YES;
				CLANG_WARN_SUSPICIOUS_MOVE = YES;
				CLANG_WARN_UNGUARDED_AVAILABILITY = YES_AGGRESSIVE;
				CLANG_WARN_UNREACHABLE_CODE = YES;
				CLANG_WARN__DUPLICATE_METHOD_MATCH = YES;
				COPY_PHASE_STRIP = NO;
				DEBUG_INFORMATION_FORMAT = "dwarf-with-dsym";
				DEVELOPMENT_TEAM = C2HN547N49;
				ENABLE_NS_ASSERTIONS = NO;
				ENABLE_STRICT_OBJC_MSGSEND = YES;
				ENABLE_USER_SCRIPT_SANDBOXING = YES;
				GCC_C_LANGUAGE_STANDARD = gnu17;
				GCC_NO_COMMON_BLOCKS = YES;
				GCC_WARN_64_TO_32_BIT_CONVERSION = YES;
				GCC_WARN_ABOUT_RETURN_TYPE = YES_ERROR;
				GCC_WARN_UNDECLARED_SELECTOR = YES;
				GCC_WARN_UNINITIALIZED_AUTOS = YES_AGGRESSIVE;
				GCC_WARN_UNUSED_FUNCTION = YES;
				GCC_WARN_UNUSED_VARIABLE = YES;
				LOCALIZATION_PREFERS_STRING_CATALOGS = YES;
				MACOSX_DEPLOYMENT_TARGET = 15.4;
				MTL_ENABLE_DEBUG_INFO = NO;
				MTL_FAST_MATH = YES;
				SDKROOT = macosx;
				SWIFT_COMPILATION_MODE = wholemodule;
			};
			name = Release;
		};
		A718B30C2DB601720010A6DF /* Debug */ = {
			isa = XCBuildConfiguration;
			buildSettings = {
				ASSETCATALOG_COMPILER_APPICON_NAME = AppIcon;
				ASSETCATALOG_COMPILER_GLOBAL_ACCENT_COLOR_NAME = AccentColor;
				CODE_SIGN_STYLE = Automatic;
				COMBINE_HIDPI_IMAGES = YES;
				CURRENT_PROJECT_VERSION = 1;
				DEVELOPMENT_TEAM = C2HN547N49;
				ENABLE_HARDENED_RUNTIME = NO;
				ENABLE_PREVIEWS = YES;
				GENERATE_INFOPLIST_FILE = YES;
				INFOPLIST_KEY_CFBundleDisplayName = SwiftUIVault;
				INFOPLIST_KEY_NSHumanReadableCopyright = "";
				LD_RUNPATH_SEARCH_PATHS = (
					"$(inherited)",
					"@executable_path/../Frameworks",
				);
				MACOSX_DEPLOYMENT_TARGET = 15.0;
				MARKETING_VERSION = 1.0;
				PRODUCT_BUNDLE_IDENTIFIER = omeriadon.SwiftUIVault;
				PRODUCT_NAME = "$(TARGET_NAME)";
				REGISTER_APP_GROUPS = YES;
				SWIFT_EMIT_LOC_STRINGS = YES;
				SWIFT_VERSION = 5.0;
			};
			name = Debug;
		};
		A718B30D2DB601720010A6DF /* Release */ = {
			isa = XCBuildConfiguration;
			buildSettings = {
				ASSETCATALOG_COMPILER_APPICON_NAME = AppIcon;
				ASSETCATALOG_COMPILER_GLOBAL_ACCENT_COLOR_NAME = AccentColor;
				CODE_SIGN_STYLE = Automatic;
				COMBINE_HIDPI_IMAGES = YES;
				CURRENT_PROJECT_VERSION = 1;
				DEVELOPMENT_TEAM = C2HN547N49;
				ENABLE_HARDENED_RUNTIME = NO;
				ENABLE_PREVIEWS = YES;
				GENERATE_INFOPLIST_FILE = YES;
				INFOPLIST_KEY_CFBundleDisplayName = SwiftUIVault;
				INFOPLIST_KEY_NSHumanReadableCopyright = "";
				LD_RUNPATH_SEARCH_PATHS = (
					"$(inherited)",
					"@executable_path/../Frameworks",
				);
				MACOSX_DEPLOYMENT_TARGET = 15.0;
				MARKETING_VERSION = 1.0;
				PRODUCT_BUNDLE_IDENTIFIER = omeriadon.SwiftUIVault;
				PRODUCT_NAME = "$(TARGET_NAME)";
				REGISTER_APP_GROUPS = YES;
				SWIFT_EMIT_LOC_STRINGS = YES;
				SWIFT_VERSION = 5.0;
			};
			name = Release;
		};
/* End XCBuildConfiguration section */

/* Begin XCConfigurationList section */
		A718B2FA2DB601700010A6DF /* Build configuration list for PBXProject "SwiftUIVault" */ = {
			isa = XCConfigurationList;
			buildConfigurations = (
				A718B3092DB601720010A6DF /* Debug */,
				A718B30A2DB601720010A6DF /* Release */,
			);
			defaultConfigurationIsVisible = 0;
			defaultConfigurationName = Release;
		};
		A718B30B2DB601720010A6DF /* Build configuration list for PBXNativeTarget "SwiftUIVault" */ = {
			isa = XCConfigurationList;
			buildConfigurations = (
				A718B30C2DB601720010A6DF /* Debug */,
				A718B30D2DB601720010A6DF /* Release */,
			);
			defaultConfigurationIsVisible = 0;
			defaultConfigurationName = Release;
		};
/* End XCConfigurationList section */

/* Begin XCRemoteSwiftPackageReference section */
		A7C48BC32DB6913000A3CC73 /* XCRemoteSwiftPackageReference "shiny" */ = {
			isa = XCRemoteSwiftPackageReference;
			repositoryURL = "https://github.com/maustinstar/shiny";
			requirement = {
				branch = master;
				kind = branch;
			};
		};
		A7C48BC62DB70C1400A3CC73 /* XCRemoteSwiftPackageReference "liquid" */ = {
			isa = XCRemoteSwiftPackageReference;
			repositoryURL = "https://github.com/maustinstar/liquid?tab=readme-ov-file";
			requirement = {
				branch = master;
				kind = branch;
			};
		};
		A7C48BD02DB7158500A3CC73 /* XCRemoteSwiftPackageReference "ConfettiSwiftUI" */ = {
			isa = XCRemoteSwiftPackageReference;
			repositoryURL = "https://github.com/simibac/ConfettiSwiftUI/";
			requirement = {
				kind = upToNextMajorVersion;
				minimumVersion = 2.0.3;
			};
		};
		A7F387362DB610A20037E89A /* XCRemoteSwiftPackageReference "SwiftUI-Introspect" */ = {
			isa = XCRemoteSwiftPackageReference;
			repositoryURL = "https://github.com/siteline/SwiftUI-Introspect";
			requirement = {
				kind = upToNextMajorVersion;
				minimumVersion = 1.3.0;
			};
		};
		A7F3873F2DB61E2C0037E89A /* XCRemoteSwiftPackageReference "SwiftGlass" */ = {
			isa = XCRemoteSwiftPackageReference;
			repositoryURL = "https://github.com/1998code/SwiftGlass?tab=readme-ov-file";
			requirement = {
				kind = upToNextMajorVersion;
				minimumVersion = 1.6.0;
			};
		};
		A7F387422DB61FA90037E89A /* XCRemoteSwiftPackageReference "ColorfulX" */ = {
			isa = XCRemoteSwiftPackageReference;
			repositoryURL = "https://github.com/Lakr233/ColorfulX.git";
			requirement = {
				kind = upToNextMajorVersion;
				minimumVersion = 5.6.4;
			};
		};
		A7F387452DB61FB80037E89A /* XCRemoteSwiftPackageReference "Glur" */ = {
			isa = XCRemoteSwiftPackageReference;
			repositoryURL = "https://github.com/joogps/Glur?tab=readme-ov-file";
			requirement = {
				kind = upToNextMajorVersion;
				minimumVersion = 1.0.4;
			};
		};
/* End XCRemoteSwiftPackageReference section */

/* Begin XCSwiftPackageProductDependency section */
		A7C48BC42DB6913000A3CC73 /* Shiny */ = {
			isa = XCSwiftPackageProductDependency;
			package = A7C48BC32DB6913000A3CC73 /* XCRemoteSwiftPackageReference "shiny" */;
			productName = Shiny;
		};
		A7C48BC72DB70C1400A3CC73 /* Liquid */ = {
			isa = XCSwiftPackageProductDependency;
			package = A7C48BC62DB70C1400A3CC73 /* XCRemoteSwiftPackageReference "liquid" */;
			productName = Liquid;
		};
		A7C48BD12DB7158500A3CC73 /* ConfettiSwiftUI */ = {
			isa = XCSwiftPackageProductDependency;
			package = A7C48BD02DB7158500A3CC73 /* XCRemoteSwiftPackageReference "ConfettiSwiftUI" */;
			productName = ConfettiSwiftUI;
		};
		A7F387382DB610BC0037E89A /* SwiftUIIntrospect-Dynamic */ = {
			isa = XCSwiftPackageProductDependency;
			package = A7F387362DB610A20037E89A /* XCRemoteSwiftPackageReference "SwiftUI-Introspect" */;
			productName = "SwiftUIIntrospect-Dynamic";
		};
		A7F387402DB61E2C0037E89A /* SwiftGlass */ = {
			isa = XCSwiftPackageProductDependency;
			package = A7F3873F2DB61E2C0037E89A /* XCRemoteSwiftPackageReference "SwiftGlass" */;
			productName = SwiftGlass;
		};
		A7F387432DB61FA90037E89A /* ColorfulX */ = {
			isa = XCSwiftPackageProductDependency;
			package = A7F387422DB61FA90037E89A /* XCRemoteSwiftPackageReference "ColorfulX" */;
			productName = ColorfulX;
		};
		A7F387462DB61FB80037E89A /* Glur */ = {
			isa = XCSwiftPackageProductDependency;
			package = A7F387452DB61FB80037E89A /* XCRemoteSwiftPackageReference "Glur" */;
			productName = Glur;
		};
/* End XCSwiftPackageProductDependency section */
	};
	rootObject = A718B2F72DB601700010A6DF /* Project object */;
}
